
Microsoft Visual Studio Solution File, Format Version 12.00
# Visual Studio Version 17
VisualStudioVersion = 17.4.33213.308
MinimumVisualStudioVersion = 10.0.40219.1
Project("{9A19103F-16F7-4668-BE54-9A1E7A4F7556}") = "AdministrativeManagement", "InventoryManagement\AdministrativeManagement.csproj", "{BA1F30E2-C383-4AE3-924E-14CF988DB68B}"
EndProject
Project("{9A19103F-16F7-4668-BE54-9A1E7A4F7556}") = "ProductManagement", "ProductManagement\ProductManagement.csproj", "{A15A043D-B129-42CC-92DE-3E7B3DC3A0BA}"
EndProject
Global
	GlobalSection(SolutionConfigurationPlatforms) = preSolution
		Debug|Any CPU = Debug|Any CPU
		Release|Any CPU = Release|Any CPU
	EndGlobalSection
	GlobalSection(ProjectConfigurationPlatforms) = postSolution
		{BA1F30E2-C383-4AE3-924E-14CF988DB68B}.Debug|Any CPU.ActiveCfg = Debug|Any CPU
		{BA1F30E2-C383-4AE3-924E-14CF988DB68B}.Debug|Any CPU.Build.0 = Debug|Any CPU
		{BA1F30E2-C383-4AE3-924E-14CF988DB68B}.Release|Any CPU.ActiveCfg = Release|Any CPU
		{BA1F30E2-C383-4AE3-924E-14CF988DB68B}.Release|Any CPU.Build.0 = Release|Any CPU
		{A15A043D-B129-42CC-92DE-3E7B3DC3A0BA}.Debug|Any CPU.ActiveCfg = Debug|Any CPU
		{A15A043D-B129-42CC-92DE-3E7B3DC3A0BA}.Debug|Any CPU.Build.0 = Debug|Any CPU
		{A15A043D-B129-42CC-92DE-3E7B3DC3A0BA}.Release|Any CPU.ActiveCfg = Release|Any CPU
		{A15A043D-B129-42CC-92DE-3E7B3DC3A0BA}.Release|Any CPU.Build.0 = Release|Any CPU
	EndGlobalSection
	GlobalSection(SolutionProperties) = preSolution
		HideSolutionNode = FALSE
	EndGlobalSection
	GlobalSection(ExtensibilityGlobals) = postSolution
		SolutionGuid = {5DF12646-D542-400C-B183-55B94C332308}
	EndGlobalSection
EndGlobal
